# This file is automatically @generated by Cargo.
# It is not intended for manual editing.
version = 4

[[package]]
name = "ahash"
version = "0.8.12"
source = "registry+https://github.com/rust-lang/crates.io-index"
checksum = "5a15f179cd60c4584b8a8c596927aadc462e27f2ca70c04e0071964a73ba7a75"
dependencies = [
 "cfg-if",
 "once_cell",
 "version_check",
 "zerocopy",
]

[[package]]
name = "allocator-api2"
version = "0.2.21"
source = "registry+https://github.com/rust-lang/crates.io-index"
checksum = "683d7910e743518b0e34f1186f92494becacb047c7b6bf616c96772180fef923"

[[package]]
name = "ark-bls12-381"
version = "0.5.0"
source = "registry+https://github.com/rust-lang/crates.io-index"
checksum = "3df4dcc01ff89867cd86b0da835f23c3f02738353aaee7dde7495af71363b8d5"
dependencies = [
 "ark-ec",
 "ark-ff",
 "ark-serialize",
 "ark-std",
]

[[package]]
name = "ark-ec"
version = "0.5.0"
source = "registry+https://github.com/rust-lang/crates.io-index"
checksum = "43d68f2d516162846c1238e755a7c4d131b892b70cc70c471a8e3ca3ed818fce"
dependencies = [
 "ahash",
 "ark-ff",
 "ark-poly",
 "ark-serialize",
 "ark-std",
 "educe",
 "fnv",
 "hashbrown 0.15.5",
 "itertools",
 "num-bigint",
 "num-integer",
 "num-traits",
 "rayon",
 "zeroize",
]

[[package]]
name = "ark-ed-on-bls12-381-bandersnatch"
version = "0.5.0"
source = "registry+https://github.com/rust-lang/crates.io-index"
checksum = "1786b2e3832f6f0f7c8d62d5d5a282f6952a1ab99981c54cd52b6ac1d8f02df5"
dependencies = [
 "ark-bls12-381",
 "ark-ec",
 "ark-ff",
 "ark-std",
]

[[package]]
name = "ark-ff"
version = "0.5.0"
source = "registry+https://github.com/rust-lang/crates.io-index"
checksum = "a177aba0ed1e0fbb62aa9f6d0502e9b46dad8c2eab04c14258a1212d2557ea70"
dependencies = [
 "ark-ff-asm",
 "ark-ff-macros",
 "ark-serialize",
 "ark-std",
 "arrayvec",
 "digest",
 "educe",
 "itertools",
 "num-bigint",
 "num-traits",
 "paste",
 "rayon",
 "zeroize",
]

[[package]]
name = "ark-ff-asm"
version = "0.5.0"
source = "registry+https://github.com/rust-lang/crates.io-index"
checksum = "62945a2f7e6de02a31fe400aa489f0e0f5b2502e69f95f853adb82a96c7a6b60"
dependencies = [
 "quote",
 "syn",
]

[[package]]
name = "ark-ff-macros"
version = "0.5.0"
source = "registry+https://github.com/rust-lang/crates.io-index"
checksum = "09be120733ee33f7693ceaa202ca41accd5653b779563608f1234f78ae07c4b3"
dependencies = [
 "num-bigint",
 "num-traits",
 "proc-macro2",
 "quote",
 "syn",
]

[[package]]
name = "ark-poly"
version = "0.5.0"
source = "registry+https://github.com/rust-lang/crates.io-index"
checksum = "579305839da207f02b89cd1679e50e67b4331e2f9294a57693e5051b7703fe27"
dependencies = [
 "ahash",
 "ark-ff",
 "ark-serialize",
 "ark-std",
 "educe",
 "fnv",
 "hashbrown 0.15.5",
 "rayon",
]

[[package]]
name = "ark-scale"
version = "0.0.13"
source = "registry+https://github.com/rust-lang/crates.io-index"
checksum = "985c81a9c7b23a72f62b7b20686d5326d2a9956806f37de9ee35cb1238faf0c0"
dependencies = [
 "ark-serialize",
 "ark-std",
 "parity-scale-codec",
 "scale-info",
]

[[package]]
name = "ark-serialize"
version = "0.5.0"
source = "registry+https://github.com/rust-lang/crates.io-index"
checksum = "3f4d068aaf107ebcd7dfb52bc748f8030e0fc930ac8e360146ca54c1203088f7"
dependencies = [
 "ark-serialize-derive",
 "ark-std",
 "arrayvec",
 "digest",
 "num-bigint",
 "rayon",
]

[[package]]
name = "ark-serialize-derive"
version = "0.5.0"
source = "registry+https://github.com/rust-lang/crates.io-index"
checksum = "213888f660fddcca0d257e88e54ac05bca01885f258ccdf695bafd77031bb69d"
dependencies = [
 "proc-macro2",
 "quote",
 "syn",
]

[[package]]
name = "ark-std"
version = "0.5.0"
source = "registry+https://github.com/rust-lang/crates.io-index"
checksum = "246a225cc6131e9ee4f24619af0f19d67761fff15d7ccc22e42b80846e69449a"
dependencies = [
 "num-traits",
 "rand",
 "rayon",
]

[[package]]
name = "ark-transcript"
version = "0.0.3"
source = "registry+https://github.com/rust-lang/crates.io-index"
checksum = "47c1c928edb9d8ff24cb5dcb7651d3a98494fff3099eee95c2404cd813a9139f"
dependencies = [
 "ark-ff",
 "ark-serialize",
 "ark-std",
 "digest",
 "rand_core",
 "sha3",
]

[[package]]
name = "ark-vrf"
version = "0.5.0"
source = "registry+https://github.com/rust-lang/crates.io-index"
checksum = "f69f34cb5a7d5d4627792c7a6343508becc19deab59a87ef73367cc112dfd02c"
dependencies = [
 "ark-bls12-381",
 "ark-ec",
 "ark-ed-on-bls12-381-bandersnatch",
 "ark-ff",
 "ark-serialize",
 "ark-std",
 "digest",
 "generic-array",
 "rayon",
 "sha2",
 "w3f-ring-proof",
 "zeroize",
]

[[package]]
name = "arrayvec"
version = "0.7.6"
source = "registry+https://github.com/rust-lang/crates.io-index"
checksum = "7c02d123df017efcdfbd739ef81735b36c5ba83ec3c59c80a9d7ecc718f92e50"

[[package]]
name = "autocfg"
version = "1.5.1"
source = "registry+https://github.com/rust-lang/crates.io-index"
checksum = "f2032f911046de80f0a198e0901378627c33f59ea0ac00e363d481118bd70a53"

[[package]]
name = "bitvec"
version = "1.0.1"
source = "registry+https://github.com/rust-lang/crates.io-index"
checksum = "1bc2832c24239b0141d5674bb9174f9d68a8b5b3f2753311927c172ca46f7e9c"
dependencies = [
 "funty",
 "radium",
 "tap",
 "wyz",
]

[[package]]
name = "block-buffer"
version = "0.10.4"
source = "registry+https://github.com/rust-lang/crates.io-index"
checksum = "3078c7629b62d3f0439517fa394996acacc5cbc91c5a20d8c658e77abd503a71"
dependencies = [
 "generic-array",
]

[[package]]
name = "bounded-collections"
version = "0.3.2"
source = "registry+https://github.com/rust-lang/crates.io-index"
checksum = "dee8eddd066a8825ec5570528e6880471210fd5d88cb6abbe1cfdd51ca249c33"
dependencies = [
 "jam-codec",
 "log",
 "parity-scale-codec",
 "scale-info",
 "serde",
]

[[package]]
name = "byte-slice-cast"
version = "1.2.3"
source = "registry+https://github.com/rust-lang/crates.io-index"
checksum = "7575182f7272186991736b70173b0ea045398f984bf5ebbb3804736ce1330c9d"

[[package]]
name = "byteorder"
version = "1.5.0"
source = "registry+https://github.com/rust-lang/crates.io-index"
checksum = "1fd0f2584146f6f2ef48085050886acf353beff7305ebd1ae69500e27c67f64b"

[[package]]
name = "cfg-if"
version = "1.0.4"
source = "registry+https://github.com/rust-lang/crates.io-index"
checksum = "9330f8b2ff13f34540b44e946ef35111825727b38d33286ef986142615121801"

[[package]]
name = "const_format"
version = "0.2.36"
source = "registry+https://github.com/rust-lang/crates.io-index"
checksum = "4481a617ad9a412be3b97c5d403fef8ed023103368908b9c50af598ff467cc1e"
dependencies = [
 "const_format_proc_macros",
 "konst",
]

[[package]]
name = "const_format_proc_macros"
version = "0.2.34"
source = "registry+https://github.com/rust-lang/crates.io-index"
checksum = "1d57c2eccfb16dbac1f4e61e206105db5820c9d26c3c472bc17c774259ef7744"
dependencies = [
 "proc-macro2",
 "quote",
 "unicode-xid",
]

[[package]]
name = "cpufeatures"
version = "0.2.17"
source = "registry+https://github.com/rust-lang/crates.io-index"
checksum = "59ed5838eebb26a2bb2e58f6d5b5316989ae9d08bab10e0e6d103e656d1b0280"
dependencies = [
 "libc",
]

[[package]]
name = "crossbeam-deque"
version = "0.8.6"
source = "registry+https://github.com/rust-lang/crates.io-index"
checksum = "9dd111b7b7f7d55b72c0a6ae361660ee5853c9af73f70c3c2ef6858b950e2e51"
dependencies = [
 "crossbeam-epoch",
 "crossbeam-utils",
]

[[package]]
name = "crossbeam-epoch"
version = "0.9.20"
source = "registry+https://github.com/rust-lang/crates.io-index"
checksum = "2d6914041f254d6e9176c01941b21115dcfb7089e55135a35411081bd106ef3f"
dependencies = [
 "crossbeam-utils",
]

[[package]]
name = "crossbeam-utils"
version = "0.8.21"
source = "registry+https://github.com/rust-lang/crates.io-index"
checksum = "d0a5c400df2834b80a4c3327b3aad3a4c4cd4de0629063962b03235697506a28"

[[package]]
name = "crypto-common"
version = "0.1.7"
source = "registry+https://github.com/rust-lang/crates.io-index"
checksum = "78c8292055d1c1df0cce5d180393dc8cce0abec0a7102adb6c7b1eef6016d60a"
dependencies = [
 "generic-array",
 "typenum",
]

[[package]]
name = "derive_more"
version = "1.0.0"
source = "registry+https://github.com/rust-lang/crates.io-index"
checksum = "4a9b99b9cbbe49445b21764dc0625032a89b145a2642e67603e1c936f5458d05"
dependencies = [
 "derive_more-impl",
]

[[package]]
name = "derive_more-impl"
version = "1.0.0"
source = "registry+https://github.com/rust-lang/crates.io-index"
checksum = "cb7330aeadfbe296029522e6c40f315320aba36fc43a5b3632f3795348f3bd22"
dependencies = [
 "proc-macro2",
 "quote",
 "syn",
]

[[package]]
name = "digest"
version = "0.10.7"
source = "registry+https://github.com/rust-lang/crates.io-index"
checksum = "9ed9a281f7bc9b7576e61468ba615a66a5c8cfdff42420a70aa82701a3b1e292"
dependencies = [
 "block-buffer",
 "crypto-common",
]

[[package]]
name = "educe"
version = "0.6.0"
source = "registry+https://github.com/rust-lang/crates.io-index"
checksum = "1d7bc049e1bd8cdeb31b68bbd586a9464ecf9f3944af3958a7a9d0f8b9799417"
dependencies = [
 "enum-ordinalize",
 "proc-macro2",
 "quote",
 "syn",
]

[[package]]
name = "either"
version = "1.16.0"
source = "registry+https://github.com/rust-lang/crates.io-index"
checksum = "91622ff5e7162018101f2fea40d6ebf4a78bbe5a49736a2020649edf9693679e"

[[package]]
name = "enum-ordinalize"
version = "4.3.2"
source = "registry+https://github.com/rust-lang/crates.io-index"
checksum = "4a1091a7bb1f8f2c4b28f1fe2cef4980ca2d410a3d727d67ecc3178c9b0800f0"
dependencies = [
 "enum-ordinalize-derive",
]

[[package]]
name = "enum-ordinalize-derive"
version = "4.3.2"
source = "registry+https://github.com/rust-lang/crates.io-index"
checksum = "8ca9601fb2d62598ee17836250842873a413586e5d7ed88b356e38ddbb0ec631"
dependencies = [
 "proc-macro2",
 "quote",
 "syn",
]

[[package]]
name = "equivalent"
version = "1.0.2"
source = "registry+https://github.com/rust-lang/crates.io-index"
checksum = "877a4ace8713b0bcf2a4e7eec82529c029f1d0619886d18145fea96c3ffe5c0f"

[[package]]
name = "fnv"
version = "1.0.7"
source = "registry+https://github.com/rust-lang/crates.io-index"
checksum = "3f9eec918d3f24069decb9af1554cad7c880e2da24a9afd88aca000531ab82c1"

[[package]]
name = "funty"
version = "2.0.0"
source = "registry+https://github.com/rust-lang/crates.io-index"
checksum = "e6d5a32815ae3f33302d95fdcb2ce17862f8c65363dcfd29360480ba1001fc9c"

[[package]]
name = "generic-array"
version = "0.14.7"
source = "registry+https://github.com/rust-lang/crates.io-index"
checksum = "85649ca51fd72272d7821adaf274ad91c288277713d9c18820d8499a7ff69e9a"
dependencies = [
 "typenum",
 "version_check",
]

[[package]]
name = "getrandom"
version = "0.2.17"
source = "registry+https://github.com/rust-lang/crates.io-index"
checksum = "ff2abc00be7fca6ebc474524697ae276ad847ad0a6b3faa4bcb027e9a4614ad0"
dependencies = [
 "cfg-if",
 "libc",
 "wasi",
]

[[package]]
name = "getrandom_or_panic"
version = "0.0.3"
source = "registry+https://github.com/rust-lang/crates.io-index"
checksum = "6ea1015b5a70616b688dc230cfe50c8af89d972cb132d5a622814d29773b10b9"
dependencies = [
 "rand",
 "rand_core",
]

[[package]]
name = "hashbrown"
version = "0.15.5"
source = "registry+https://github.com/rust-lang/crates.io-index"
checksum = "9229cfe53dfd69f0609a49f65461bd93001ea1ef889cd5529dd176593f5338a1"
dependencies = [
 "allocator-api2",
]

[[package]]
name = "hashbrown"
version = "0.17.1"
source = "registry+https://github.com/rust-lang/crates.io-index"
checksum = "ed5909b6e89a2db4456e54cd5f673791d7eca6732202bbf2a9cc504fe2f9b84a"

[[package]]
name = "impl-trait-for-tuples"
version = "0.2.3"
source = "registry+https://github.com/rust-lang/crates.io-index"
checksum = "a0eb5a3343abf848c0984fe4604b2b105da9539376e24fc0a3b0007411ae4fd9"
dependencies = [
 "proc-macro2",
 "quote",
 "syn",
]

[[package]]
name = "indexmap"
version = "2.14.0"
source = "registry+https://github.com/rust-lang/crates.io-index"
checksum = "d466e9454f08e4a911e14806c24e16fba1b4c121d1ea474396f396069cf949d9"
dependencies = [
 "equivalent",
 "hashbrown 0.17.1",
]

[[package]]
name = "itertools"
version = "0.13.0"
source = "registry+https://github.com/rust-lang/crates.io-index"
checksum = "413ee7dfc52ee1a4949ceeb7dbc8a33f2d6c088194d9f922fb8318faf1f01186"
dependencies = [
 "either",
]

[[package]]
name = "jam-codec"
version = "0.1.1"
source = "registry+https://github.com/rust-lang/crates.io-index"
checksum = "cb948eace373d99de60501a02fb17125d30ac632570de20dccc74370cdd611b9"
dependencies = [
 "arrayvec",
 "bitvec",
 "byte-slice-cast",
 "const_format",
 "impl-trait-for-tuples",
 "jam-codec-derive",
 "rustversion",
 "serde",
]

[[package]]
name = "jam-codec-derive"
version = "0.1.1"
source = "registry+https://github.com/rust-lang/crates.io-index"
checksum = "319af585c4c8a6b5552a52b7787a1ab3e4d59df7614190b1f85b9b842488789d"
dependencies = [
 "proc-macro-crate",
 "proc-macro2",
 "quote",
 "syn",
]

[[package]]
name = "keccak"
version = "0.1.6"
source = "registry+https://github.com/rust-lang/crates.io-index"
checksum = "cb26cec98cce3a3d96cbb7bced3c4b16e3d13f27ec56dbd62cbc8f39cfb9d653"
dependencies = [
 "cpufeatures",
]

[[package]]
name = "konst"
version = "0.2.20"
source = "registry+https://github.com/rust-lang/crates.io-index"
checksum = "128133ed7824fcd73d6e7b17957c5eb7bacb885649bd8c69708b2331a10bcefb"
dependencies = [
 "konst_macro_rules",
]

[[package]]
name = "konst_macro_rules"
version = "0.2.19"
source = "registry+https://github.com/rust-lang/crates.io-index"
checksum = "a4933f3f57a8e9d9da04db23fb153356ecaf00cbd14aee46279c33dc80925c37"

[[package]]
name = "libc"
version = "0.2.186"
source = "registry+https://github.com/rust-lang/crates.io-index"
checksum = "68ab91017fe16c622486840e4c83c9a37afeff978bd239b5293d61ece587de66"

[[package]]
name = "log"
version = "0.4.30"
source = "registry+https://github.com/rust-lang/crates.io-index"
checksum = "616ec5685824bcc94416c6d4a7a446eea774a31efd7062c8480ba6fd06d7a6e5"

[[package]]
name = "memchr"
version = "2.8.1"
source = "registry+https://github.com/rust-lang/crates.io-index"
checksum = "6b947ae49db0d222b1dbc6b113ce7248a3fc3a6ca21b696717bfc000ba4484d8"

[[package]]
name = "merlin"
version = "3.0.0"
source = "registry+https://github.com/rust-lang/crates.io-index"
checksum = "58c38e2799fc0978b65dfff8023ec7843e2330bb462f19198840b34b6582397d"
dependencies = [
 "byteorder",
 "keccak",
 "rand_core",
 "zeroize",
]

[[package]]
name = "num-bigint"
version = "0.4.6"
source = "registry+https://github.com/rust-lang/crates.io-index"
checksum = "a5e44f723f1133c9deac646763579fdb3ac745e418f2a7af9cd0c431da1f20b9"
dependencies = [
 "num-integer",
 "num-traits",
]

[[package]]
name = "num-integer"
version = "0.1.46"
source = "registry+https://github.com/rust-lang/crates.io-index"
checksum = "7969661fd2958a5cb096e56c8e1ad0444ac2bbcd0061bd28660485a44879858f"
dependencies = [
 "num-traits",
]

[[package]]
name = "num-traits"
version = "0.2.19"
source = "registry+https://github.com/rust-lang/crates.io-index"
checksum = "071dfc062690e90b734c0b2273ce72ad0ffa95f0c74596bc250dcfd960262841"
dependencies = [
 "autocfg",
]

[[package]]
name = "once_cell"
version = "1.21.4"
source = "registry+https://github.com/rust-lang/crates.io-index"
checksum = "9f7c3e4beb33f85d45ae3e3a1792185706c8e16d043238c593331cc7cd313b50"

[[package]]
name = "parity-scale-codec"
version = "3.7.5"
source = "registry+https://github.com/rust-lang/crates.io-index"
checksum = "799781ae679d79a948e13d4824a40970bfa500058d245760dd857301059810fa"
dependencies = [
 "arrayvec",
 "bitvec",
 "byte-slice-cast",
 "const_format",
 "impl-trait-for-tuples",
 "parity-scale-codec-derive",
 "rustversion",
 "serde",
]

[[package]]
name = "parity-scale-codec-derive"
version = "3.7.5"
source = "registry+https://github.com/rust-lang/crates.io-index"
checksum = "34b4653168b563151153c9e4c08ebed57fb8262bebfa79711552fa983c623e7a"
dependencies = [
 "proc-macro-crate",
 "proc-macro2",
 "quote",
 "syn",
]

[[package]]
name = "paste"
version = "1.0.15"
source = "registry+https://github.com/rust-lang/crates.io-index"
checksum = "57c0d7b74b563b49d38dae00a0c37d4d6de9b432382b2892f0574ddcae73fd0a"

[[package]]
name = "ppv-lite86"
version = "0.2.21"
source = "registry+https://github.com/rust-lang/crates.io-index"
checksum = "85eae3c4ed2f50dcfe72643da4befc30deadb458a9b590d720cde2f2b1e97da9"
dependencies = [
 "zerocopy",
]

[[package]]
name = "proc-macro-crate"
version = "3.5.0"
source = "registry+https://github.com/rust-lang/crates.io-index"
checksum = "e67ba7e9b2b56446f1d419b1d807906278ffa1a658a8a5d8a39dcb1f5a78614f"
dependencies = [
 "toml_edit",
]

[[package]]
name = "proc-macro2"
version = "1.0.106"
source = "registry+https://github.com/rust-lang/crates.io-index"
checksum = "8fd00f0bb2e90d81d1044c2b32617f68fcb9fa3bb7640c23e9c748e53fb30934"
dependencies = [
 "unicode-ident",
]

[[package]]
name = "quote"
version = "1.0.45"
source = "registry+https://github.com/rust-lang/crates.io-index"
checksum = "41f2619966050689382d2b44f664f4bc593e129785a36d6ee376ddf37259b924"
dependencies = [
 "proc-macro2",
]

[[package]]
name = "radium"
version = "0.7.0"
source = "registry+https://github.com/rust-lang/crates.io-index"
checksum = "dc33ff2d4973d518d823d61aa239014831e521c75da58e3df4840d3f47749d09"

[[package]]
name = "rand"
version = "0.8.6"
source = "registry+https://github.com/rust-lang/crates.io-index"
checksum = "5ca0ecfa931c29007047d1bc58e623ab12e5590e8c7cc53200d5202b69266d8a"
dependencies = [
 "libc",
 "rand_chacha",
 "rand_core",
]

[[package]]
name = "rand_chacha"
version = "0.3.1"
source = "registry+https://github.com/rust-lang/crates.io-index"
checksum = "e6c10a63a0fa32252be49d21e7709d4d4baf8d231c2dbce1eaa8141b9b127d88"
dependencies = [
 "ppv-lite86",
 "rand_core",
]

[[package]]
name = "rand_core"
version = "0.6.4"
source = "registry+https://github.com/rust-lang/crates.io-index"
checksum = "ec0be4795e2f6a28069bec0b5ff3e2ac9bafc99e6a9a7dc3547996c5c816922c"
dependencies = [
 "getrandom",
]

[[package]]
name = "rayon"
version = "1.12.0"
source = "registry+https://github.com/rust-lang/crates.io-index"
checksum = "fb39b166781f92d482534ef4b4b1b2568f42613b53e5b6c160e24cfbfa30926d"
dependencies = [
 "either",
 "rayon-core",
]

[[package]]
name = "rayon-core"
version = "1.13.0"
source = "registry+https://github.com/rust-lang/crates.io-index"
checksum = "22e18b0f0062d30d4230b2e85ff77fdfe4326feb054b9783a3460d8435c8ab91"
dependencies = [
 "crossbeam-deque",
 "crossbeam-utils",
]

[[package]]
name = "rustversion"
version = "1.0.22"
source = "registry+https://github.com/rust-lang/crates.io-index"
checksum = "b39cdef0fa800fc44525c84ccb54a029961a8215f9619753635a9c0d2538d46d"

[[package]]
name = "scale-info"
version = "2.11.6"
source = "registry+https://github.com/rust-lang/crates.io-index"
checksum = "346a3b32eba2640d17a9cb5927056b08f3de90f65b72fe09402c2ad07d684d0b"
dependencies = [
 "bitvec",
 "cfg-if",
 "derive_more",
 "parity-scale-codec",
 "scale-info-derive",
]

[[package]]
name = "scale-info-derive"
version = "2.11.6"
source = "registry+https://github.com/rust-lang/crates.io-index"
checksum = "c6630024bf739e2179b91fb424b28898baf819414262c5d376677dbff1fe7ebf"
dependencies = [
 "proc-macro-crate",
 "proc-macro2",
 "quote",
 "syn",
]

[[package]]
name = "serde"
version = "1.0.228"
source = "registry+https://github.com/rust-lang/crates.io-index"
checksum = "9a8e94ea7f378bd32cbbd37198a4a91436180c5bb472411e48b5ec2e2124ae9e"
dependencies = [
 "serde_core",
 "serde_derive",
]

[[package]]
name = "serde_core"
version = "1.0.228"
source = "registry+https://github.com/rust-lang/crates.io-index"
checksum = "41d385c7d4ca58e59fc732af25c3983b67ac852c1a25000afe1175de458b67ad"
dependencies = [
 "serde_derive",
]

[[package]]
name = "serde_derive"
version = "1.0.228"
source = "registry+https://github.com/rust-lang/crates.io-index"
checksum = "d540f220d3187173da220f885ab66608367b6574e925011a9353e4badda91d79"
dependencies = [
 "proc-macro2",
 "quote",
 "syn",
]

[[package]]
name = "sha2"
version = "0.10.9"
source = "registry+https://github.com/rust-lang/crates.io-index"
checksum = "a7507d819769d01a365ab707794a4084392c824f54a7a6a7862f8c3d0892b283"
dependencies = [
 "cfg-if",
 "cpufeatures",
 "digest",
]

[[package]]
name = "sha3"
version = "0.10.9"
source = "registry+https://github.com/rust-lang/crates.io-index"
checksum = "77fd7028345d415a4034cf8777cd4f8ab1851274233b45f84e3d955502d93874"
dependencies = [
 "digest",
 "keccak",
]

[[package]]
name = "smallvec"
version = "1.15.1"
source = "registry+https://github.com/rust-lang/crates.io-index"
checksum = "67b1b7a3b5fe4f1376887184045fcf45c69e92af734b7aaddc05fb777b6fbd03"

[[package]]
name = "spin"
version = "0.9.8"
source = "registry+https://github.com/rust-lang/crates.io-index"
checksum = "6980e8d7511241f8acf4aebddbb1ff938df5eebe98691418c4468d0b72a96a67"

[[package]]
name = "summit-bandersnatch-cli"
version = "0.1.0"
dependencies = [
 "verifiable",
]

[[package]]
name = "syn"
version = "2.0.117"
source = "registry+https://github.com/rust-lang/crates.io-index"
checksum = "e665b8803e7b1d2a727f4023456bbbbe74da67099c585258af0ad9c5013b9b99"
dependencies = [
 "proc-macro2",
 "quote",
 "unicode-ident",
]

[[package]]
name = "tap"
version = "1.0.1"
source = "registry+https://github.com/rust-lang/crates.io-index"
checksum = "55937e1799185b12863d447f42597ed69d9928686b8d88a1df17376a097d8369"

[[package]]
name = "toml_datetime"
version = "1.1.1+spec-1.1.0"
source = "registry+https://github.com/rust-lang/crates.io-index"
checksum = "3165f65f62e28e0115a00b2ebdd37eb6f3b641855f9d636d3cd4103767159ad7"
dependencies = [
 "serde_core",
]

[[package]]
name = "toml_edit"
version = "0.25.12+spec-1.1.0"
source = "registry+https://github.com/rust-lang/crates.io-index"
checksum = "d2153edc6955a6c354fad8f5efd38b6a8769bdccf9fe50f8e1329f81b0baa5d7"
dependencies = [
 "indexmap",
 "toml_datetime",
 "toml_parser",
 "winnow",
]

[[package]]
name = "toml_parser"
version = "1.1.2+spec-1.1.0"
source = "registry+https://github.com/rust-lang/crates.io-index"
checksum = "a2abe9b86193656635d2411dc43050282ca48aa31c2451210f4202550afb7526"
dependencies = [
 "winnow",
]

[[package]]
name = "typenum"
version = "1.20.1"
source = "registry+https://github.com/rust-lang/crates.io-index"
checksum = "b6f5e870be6c3b371b77fe0ee0bafb859fa4964b4404c27de1d380043c4dda20"

[[package]]
name = "unicode-ident"
version = "1.0.24"
source = "registry+https://github.com/rust-lang/crates.io-index"
checksum = "e6e4313cd5fcd3dad5cafa179702e2b244f760991f45397d14d4ebf38247da75"

[[package]]
name = "unicode-xid"
version = "0.2.6"
source = "registry+https://github.com/rust-lang/crates.io-index"
checksum = "ebc1c04c71510c7f702b52b7c350734c9ff1295c464a03335b00bb84fc54f853"

[[package]]
name = "verifiable"
version = "0.5.0"
source = "git+https://github.com/paritytech/verifiable?rev=f65b39df04f2f9a453d78550438b189c96785285#f65b39df04f2f9a453d78550438b189c96785285"
dependencies = [
 "ark-scale",
 "ark-serialize",
 "ark-vrf",
 "bounded-collections",
 "parity-scale-codec",
 "scale-info",
 "sha2",
 "smallvec",
 "spin",
]

[[package]]
name = "version_check"
version = "0.9.5"
source = "registry+https://github.com/rust-lang/crates.io-index"
checksum = "0b928f33d975fc6ad9f86c8f283853ad26bdd5b10b7f1542aa2fa15e2289105a"

[[package]]
name = "w3f-pcs"
version = "0.0.5"
source = "registry+https://github.com/rust-lang/crates.io-index"
checksum = "3ea1046a1deb6d26c34ba2d1f1bab4222d695d126502ee765f80b021753cb674"
dependencies = [
 "ark-ec",
 "ark-ff",
 "ark-poly",
 "ark-serialize",
 "ark-std",
 "merlin",
 "rayon",
]

[[package]]
name = "w3f-plonk-common"
version = "0.0.7"
source = "registry+https://github.com/rust-lang/crates.io-index"
checksum = "30408cda37b81bd7257319942584c794c5784d00d749757bc664656749a1472a"
dependencies = [
 "ark-ec",
 "ark-ff",
 "ark-poly",
 "ark-serialize",
 "ark-std",
 "getrandom_or_panic",
 "rand_core",
 "rayon",
 "w3f-pcs",
]

[[package]]
name = "w3f-ring-proof"
version = "0.0.8"
source = "registry+https://github.com/rust-lang/crates.io-index"
checksum = "0cbfc4cb881a934e6f33c25927bf955d0cb18e52b94528bbc5fa28dddedb4cd1"
dependencies = [
 "ark-ec",
 "ark-ff",
 "ark-poly",
 "ark-serialize",
 "ark-std",
 "ark-transcript",
 "rayon",
 "w3f-pcs",
 "w3f-plonk-common",
]

[[package]]
name = "wasi"
version = "0.11.1+wasi-snapshot-preview1"
source = "registry+https://github.com/rust-lang/crates.io-index"
checksum = "ccf3ec651a847eb01de73ccad15eb7d99f80485de043efb2f370cd654f4ea44b"

[[package]]
name = "winnow"
version = "1.0.3"
source = "registry+https://github.com/rust-lang/crates.io-index"
checksum = "0592e1c9d151f854e6fd382574c3a0855250e1d9b2f99d9281c6e6391af352f1"
dependencies = [
 "memchr",
]

[[package]]
name = "wyz"
version = "0.5.1"
source = "registry+https://github.com/rust-lang/crates.io-index"
checksum = "05f360fc0b24296329c78fda852a1e9ae82de9cf7b27dae4b7f62f118f77b9ed"
dependencies = [
 "tap",
]

[[package]]
name = "zerocopy"
version = "0.8.50"
source = "registry+https://github.com/rust-lang/crates.io-index"
checksum = "3b065d4f0e55f82fae73202e189638116a87c55ab6b8e6c2721e13dd9d854ad1"
dependencies = [
 "zerocopy-derive",
]

[[package]]
name = "zerocopy-derive"
version = "0.8.50"
source = "registry+https://github.com/rust-lang/crates.io-index"
checksum = "0b631b19d36a892ab55420c92dbc83ccd79274f25be714855d3074aa71cab639"
dependencies = [
 "proc-macro2",
 "quote",
 "syn",
]

[[package]]
name = "zeroize"
version = "1.8.2"
source = "registry+https://github.com/rust-lang/crates.io-index"
checksum = "b97154e67e32c85465826e8bcc1c59429aaaf107c1e4a9e53c8d8ccd5eff88d0"
dependencies = [
 "zeroize_derive",
]

[[package]]
name = "zeroize_derive"
version = "1.4.3"
source = "registry+https://github.com/rust-lang/crates.io-index"
checksum = "85a5b4158499876c763cb03bc4e49185d3cccbabb15b33c627f7884f43db852e"
dependencies = [
 "proc-macro2",
 "quote",
 "syn",
]
